
Microsoft Visual Studio Solution File, Format Version 12.00
# Visual Studio 15
VisualStudioVersion = 15.0.26730.15
MinimumVisualStudioVersion = 10.0.40219.1
Project("{888888A0-9F3D-457C-B088-3A5042F75D52}") = "conexionOracle", "conexionOracle\conexionOracle.pyproj", "{DD9C3570-020E-47DF-B3B6-E2E345FFD762}"
EndProject
Global
	GlobalSection(SolutionConfigurationPlatforms) = preSolution
		Debug|Any CPU = Debug|Any CPU
		Release|Any CPU = Release|Any CPU
	EndGlobalSection
	GlobalSection(ProjectConfigurationPlatforms) = postSolution
		{DD9C3570-020E-47DF-B3B6-E2E345FFD762}.Debug|Any CPU.ActiveCfg = Debug|Any CPU
		{DD9C3570-020E-47DF-B3B6-E2E345FFD762}.Release|Any CPU.ActiveCfg = Release|Any CPU
	EndGlobalSection
	GlobalSection(SolutionProperties) = preSolution
		HideSolutionNode = FALSE
	EndGlobalSection
	GlobalSection(ExtensibilityGlobals) = postSolution
		SolutionGuid = {A37A9378-2E98-436C-B07F-0D70E398F3CD}
	EndGlobalSection
EndGlobal
